
Microsoft Visual Studio Solution File, Format Version 12.00
# Visual Studio Version 16
VisualStudioVersion = 16.0.31205.134
MinimumVisualStudioVersion = 10.0.40219.1
Project("{FAE04EC0-301F-11D3-BF4B-00C04F79EFBC}") = "React_Core", "React_Core\React_Core.csproj", "{88F09494-12EA-4BE1-B39E-BCAD1460E560}"
EndProject
Global
	GlobalSection(SolutionConfigurationPlatforms) = preSolution
		Debug|Any CPU = Debug|Any CPU
		Release|Any CPU = Release|Any CPU
	EndGlobalSection
	GlobalSection(ProjectConfigurationPlatforms) = postSolution
		{88F09494-12EA-4BE1-B39E-BCAD1460E560}.Debug|Any CPU.ActiveCfg = Debug|Any CPU
		{88F09494-12EA-4BE1-B39E-BCAD1460E560}.Debug|Any CPU.Build.0 = Debug|Any CPU
		{88F09494-12EA-4BE1-B39E-BCAD1460E560}.Release|Any CPU.ActiveCfg = Release|Any CPU
		{88F09494-12EA-4BE1-B39E-BCAD1460E560}.Release|Any CPU.Build.0 = Release|Any CPU
	EndGlobalSection
	GlobalSection(SolutionProperties) = preSolution
		HideSolutionNode = FALSE
	EndGlobalSection
	GlobalSection(ExtensibilityGlobals) = postSolution
		SolutionGuid = {67021FDF-68B9-4FC1-AD97-FB1CCFE9EBE5}
	EndGlobalSection
EndGlobal
